
Microsoft Visual Studio Solution File, Format Version 12.00
# Visual Studio Version 17
VisualStudioVersion = 17.14.36518.9 d17.14
MinimumVisualStudioVersion = 10.0.40219.1
Project("{FAE04EC0-301F-11D3-BF4B-00C04F79EFBC}") = "Events", "Events\Events.csproj", "{950588EF-BE55-4D2E-92D4-C48B86CFEC9A}"
EndProject
Global
	GlobalSection(SolutionConfigurationPlatforms) = preSolution
		Debug|Any CPU = Debug|Any CPU
		Release|Any CPU = Release|Any CPU
	EndGlobalSection
	GlobalSection(ProjectConfigurationPlatforms) = postSolution
		{950588EF-BE55-4D2E-92D4-C48B86CFEC9A}.Debug|Any CPU.ActiveCfg = Debug|Any CPU
		{950588EF-BE55-4D2E-92D4-C48B86CFEC9A}.Debug|Any CPU.Build.0 = Debug|Any CPU
		{950588EF-BE55-4D2E-92D4-C48B86CFEC9A}.Release|Any CPU.ActiveCfg = Release|Any CPU
		{950588EF-BE55-4D2E-92D4-C48B86CFEC9A}.Release|Any CPU.Build.0 = Release|Any CPU
	EndGlobalSection
	GlobalSection(SolutionProperties) = preSolution
		HideSolutionNode = FALSE
	EndGlobalSection
	GlobalSection(ExtensibilityGlobals) = postSolution
		SolutionGuid = {F94EA178-0FC8-467D-AF9D-11C6EF9A12AE}
	EndGlobalSection
EndGlobal
